// !$*UTF8*$!
{
	archiveVersion = 1;
	classes = {
	};
	objectVersion = 50;
	objects = {

/* Begin PBXBuildFile section */
		FC7D2FD323E984AC007553AD /* AppDelegate.swift in Sources */ = {isa = PBXBuildFile; fileRef = FC7D2FD223E984AC007553AD /* AppDelegate.swift */; };
		FC7D2FD523E984AC007553AD /* SceneDelegate.swift in Sources */ = {isa = PBXBuildFile; fileRef = FC7D2FD423E984AC007553AD /* SceneDelegate.swift */; };
		FC7D2FD723E984AC007553AD /* ViewController.swift in Sources */ = {isa = PBXBuildFile; fileRef = FC7D2FD623E984AC007553AD /* ViewController.swift */; };
		FC7D2FDA23E984AC007553AD /* Main.storyboard in Resources */ = {isa = PBXBuildFile; fileRef = FC7D2FD823E984AC007553AD /* Main.storyboard */; };
		FC7D2FDC23E984AF007553AD /* Assets.xcassets in Resources */ = {isa = PBXBuildFile; fileRef = FC7D2FDB23E984AF007553AD /* Assets.xcassets */; };
		FC7D2FDF23E984AF007553AD /* LaunchScreen.storyboard in Resources */ = {isa = PBXBuildFile; fileRef = FC7D2FDD23E984AF007553AD /* LaunchScreen.storyboard */; };
		FC7D2FE723E9880A007553AD /* MapClass.swift in Sources */ = {isa = PBXBuildFile; fileRef = FC7D2FE623E9880A007553AD /* MapClass.swift */; };
/* End PBXBuildFile section */

/* Begin PBXFileReference section */
		FC7D2FCF23E984AC007553AD /* myGitHubLearning.app */ = {isa = PBXFileReference; explicitFileType = wrapper.application; includeInIndex = 0; path = myGitHubLearning.app; sourceTree = BUILT_PRODUCTS_DIR; };
		FC7D2FD223E984AC007553AD /* AppDelegate.swift */ = {isa = PBXFileReference; lastKnownFileType = sourcecode.swift; path = AppDelegate.swift; sourceTree = "<group>"; };
		FC7D2FD423E984AC007553AD /* SceneDelegate.swift */ = {isa = PBXFileReference; lastKnownFileType = sourcecode.swift; path = SceneDelegate.swift; sourceTree = "<group>"; };
		FC7D2FD623E984AC007553AD /* ViewController.swift */ = {isa = PBXFileReference; lastKnownFileType = sourcecode.swift; path = ViewController.swift; sourceTree = "<group>"; };
		FC7D2FD923E984AC007553AD /* Base */ = {isa = PBXFileReference; lastKnownFileType = file.storyboard; name = Base; path = Base.lproj/Main.storyboard; sourceTree = "<group>"; };
		FC7D2FDB23E984AF007553AD /* Assets.xcassets */ = {isa = PBXFileReference; lastKnownFileType = folder.assetcatalog; path = Assets.xcassets; sourceTree = "<group>"; };
		FC7D2FDE23E984AF007553AD /* Base */ = {isa = PBXFileReference; lastKnownFileType = file.storyboard; name = Base; path = Base.lproj/LaunchScreen.storyboard; sourceTree = "<group>"; };
		FC7D2FE023E984AF007553AD /* Info.plist */ = {isa = PBXFileReference; lastKnownFileType = text.plist.xml; path = Info.plist; sourceTree = "<group>"; };
		FC7D2FE623E9880A007553AD /* MapClass.swift */ = {isa = PBXFileReference; lastKnownFileType = sourcecode.swift; path = MapClass.swift; sourceTree = "<group>"; };
/* End PBXFileReference section */

/* Begin PBXFrameworksBuildPhase section */
		FC7D2FCC23E984AC007553AD /* Frameworks */ = {
			isa = PBXFrameworksBuildPhase;
			buildActionMask = 2147483647;
			files = (
			);
			runOnlyForDeploymentPostprocessing = 0;
		};
/* End PBXFrameworksBuildPhase section */

/* Begin PBXGroup section */
		FC7D2FC623E984AC007553AD = {
			isa = PBXGroup;
			children = (
				FC7D2FD123E984AC007553AD /* myGitHubLearning */,
				FC7D2FD023E984AC007553AD /* Products */,
			);
			sourceTree = "<group>";
		};
		FC7D2FD023E984AC007553AD /* Products */ = {
			isa = PBXGroup;
			children = (
				FC7D2FCF23E984AC007553AD /* myGitHubLearning.app */,
			);
			name = Products;
			sourceTree = "<group>";
		};
		FC7D2FD123E984AC007553AD /* myGitHubLearning */ = {
			isa = PBXGroup;
			children = (
				FC7D2FD223E984AC007553AD /* AppDelegate.swift */,
				FC7D2FD423E984AC007553AD /* SceneDelegate.swift */,
				FC7D2FD623E984AC007553AD /* ViewController.swift */,
				FC7D2FD823E984AC007553AD /* Main.storyboard */,
				FC7D2FE623E9880A007553AD /* MapClass.swift */,
				FC7D2FDB23E984AF007553AD /* Assets.xcassets */,
				FC7D2FDD23E984AF007553AD /* LaunchScreen.storyboard */,
				FC7D2FE023E984AF007553AD /* Info.plist */,
			);
			path = myGitHubLearning;
			sourceTree = "<group>";
		};
/* End PBXGroup section */

/* Begin PBXNativeTarget section */
		FC7D2FCE23E984AC007553AD /* myGitHubLearning */ = {
			isa = PBXNativeTarget;
			buildConfigurationList = FC7D2FE323E984AF007553AD /* Build configuration list for PBXNativeTarget "myGitHubLearning" */;
			buildPhases = (
				FC7D2FCB23E984AC007553AD /* Sources */,
				FC7D2FCC23E984AC007553AD /* Frameworks */,
				FC7D2FCD23E984AC007553AD /* Resources */,
			);
			buildRules = (
			);
			dependencies = (
			);
			name = myGitHubLearning;
			productName = myGitHubLearning;
			productReference = FC7D2FCF23E984AC007553AD /* myGitHubLearning.app */;
			productType = "com.apple.product-type.application";
		};
/* End PBXNativeTarget section */

/* Begin PBXProject section */
		FC7D2FC723E984AC007553AD /* Project object */ = {
			isa = PBXProject;
			attributes = {
				LastSwiftUpdateCheck = 1120;
				LastUpgradeCheck = 1120;
				ORGANIZATIONNAME = "shahzeb yousaf";
				TargetAttributes = {
					FC7D2FCE23E984AC007553AD = {
						CreatedOnToolsVersion = 11.2;
					};
				};
			};
			buildConfigurationList = FC7D2FCA23E984AC007553AD /* Build configuration list for PBXProject "myGitHubLearning" */;
			compatibilityVersion = "Xcode 9.3";
			developmentRegion = en;
			hasScannedForEncodings = 0;
			knownRegions = (
				en,
				Base,
			);
			mainGroup = FC7D2FC623E984AC007553AD;
			productRefGroup = FC7D2FD023E984AC007553AD /* Products */;
			projectDirPath = "";
			projectRoot = "";
			targets = (
				FC7D2FCE23E984AC007553AD /* myGitHubLearning */,
			);
		};
/* End PBXProject section */

/* Begin PBXResourcesBuildPhase section */
		FC7D2FCD23E984AC007553AD /* Resources */ = {
			isa = PBXResourcesBuildPhase;
			buildActionMask = 2147483647;
			files = (
				FC7D2FDF23E984AF007553AD /* LaunchScreen.storyboard in Resources */,
				FC7D2FDC23E984AF007553AD /* Assets.xcassets in Resources */,
				FC7D2FDA23E984AC007553AD /* Main.storyboard in Resources */,
			);
			runOnlyForDeploymentPostprocessing = 0;
		};
/* End PBXResourcesBuildPhase section */

/* Begin PBXSourcesBuildPhase section */
		FC7D2FCB23E984AC007553AD /* Sources */ = {
			isa = PBXSourcesBuildPhase;
			buildActionMask = 2147483647;
			files = (
				FC7D2FD723E984AC007553AD /* ViewController.swift in Sources */,
				FC7D2FE723E9880A007553AD /* MapClass.swift in Sources */,
				FC7D2FD323E984AC007553AD /* AppDelegate.swift in Sources */,
				FC7D2FD523E984AC007553AD /* SceneDelegate.swift in Sources */,
			);
			runOnlyForDeploymentPostprocessing = 0;
		};
/* End PBXSourcesBuildPhase section */

/* Begin PBXVariantGroup section */
		FC7D2FD823E984AC007553AD /* Main.storyboard */ = {
			isa = PBXVariantGroup;
			children = (
				FC7D2FD923E984AC007553AD /* Base */,
			);
			name = Main.storyboard;
			sourceTree = "<group>";
		};
		FC7D2FDD23E984AF007553AD /* LaunchScreen.storyboard */ = {
			isa = PBXVariantGroup;
			children = (
				FC7D2FDE23E984AF007553AD /* Base */,
			);
			name = LaunchScreen.storyboard;
			sourceTree = "<group>";
		};
/* End PBXVariantGroup section */

/* Begin XCBuildConfiguration section */
		FC7D2FE123E984AF007553AD /* Debug */ = {
			isa = XCBuildConfiguration;
			buildSettings = {
				ALWAYS_SEARCH_USER_PATHS = NO;
				CLANG_ANALYZER_NONNULL = YES;
				CLANG_ANALYZER_NUMBER_OBJECT_CONVERSION = YES_AGGRESSIVE;
				CLANG_CXX_LANGUAGE_STANDARD = "gnu++14";
				CLANG_CXX_LIBRARY = "libc++";
				CLANG_ENABLE_MODULES = YES;
				CLANG_ENABLE_OBJC_ARC = YES;
				CLANG_ENABLE_OBJC_WEAK = YES;
				CLANG_WARN_BLOCK_CAPTURE_AUTORELEASING = YES;
				CLANG_WARN_BOOL_CONVERSION = YES;
				CLANG_WARN_COMMA = YES;
				CLANG_WARN_CONSTANT_CONVERSION = YES;
				CLANG_WARN_DEPRECATED_OBJC_IMPLEMENTATIONS = YES;
				CLANG_WARN_DIRECT_OBJC_ISA_USAGE = YES_ERROR;
				CLANG_WARN_DOCUMENTATION_COMMENTS = YES;
				CLANG_WARN_EMPTY_BODY = YES;
				CLANG_WARN_ENUM_CONVERSION = YES;
				CLANG_WARN_INFINITE_RECURSION = YES;
				CLANG_WARN_INT_CONVERSION = YES;
				CLANG_WARN_NON_LITERAL_NULL_CONVERSION = YES;
				CLANG_WARN_OBJC_IMPLICIT_RETAIN_SELF = YES;
				CLANG_WARN_OBJC_LITERAL_CONVERSION = YES;
				CLANG_WARN_OBJC_ROOT_CLASS = YES_ERROR;
				CLANG_WARN_RANGE_LOOP_ANALYSIS = YES;
				CLANG_WARN_STRICT_PROTOTYPES = YES;
				CLANG_WARN_SUSPICIOUS_MOVE = YES;
				CLANG_WARN_UNGUARDED_AVAILABILITY = YES_AGGRESSIVE;
				CLANG_WARN_UNREACHABLE_CODE = YES;
				CLANG_WARN__DUPLICATE_METHOD_MATCH = YES;
				COPY_PHASE_STRIP = NO;
				DEBUG_INFORMATION_FORMAT = dwarf;
				ENABLE_STRICT_OBJC_MSGSEND = YES;
				ENABLE_TESTABILITY = YES;
				GCC_C_LANGUAGE_STANDARD = gnu11;
				GCC_DYNAMIC_NO_PIC = NO;
				GCC_NO_COMMON_BLOCKS = YES;
				GCC_OPTIMIZATION_LEVEL = 0;
				GCC_PREPROCESSOR_DEFINITIONS = (
					"DEBUG=1",
					"$(inherited)",
				);
				GCC_WARN_64_TO_32_BIT_CONVERSION = YES;
				GCC_WARN_ABOUT_RETURN_TYPE = YES_ERROR;
				GCC_WARN_UNDECLARED_SELECTOR = YES;
				GCC_WARN_UNINITIALIZED_AUTOS = YES_AGGRESSIVE;
				GCC_WARN_UNUSED_FUNCTION = YES;
				GCC_WARN_UNUSED_VARIABLE = YES;
				IPHONEOS_DEPLOYMENT_TARGET = 13.2;
				MTL_ENABLE_DEBUG_INFO = INCLUDE_SOURCE;
				MTL_FAST_MATH = YES;
				ONLY_ACTIVE_ARCH = YES;
				SDKROOT = iphoneos;
				SWIFT_ACTIVE_COMPILATION_CONDITIONS = DEBUG;
				SWIFT_OPTIMIZATION_LEVEL = "-Onone";
			};
			name = Debug;
		};
		FC7D2FE223E984AF007553AD /* Release */ = {
			isa = XCBuildConfiguration;
			buildSettings = {
				ALWAYS_SEARCH_USER_PATHS = NO;
				CLANG_ANALYZER_NONNULL = YES;
				CLANG_ANALYZER_NUMBER_OBJECT_CONVERSION = YES_AGGRESSIVE;
				CLANG_CXX_LANGUAGE_STANDARD = "gnu++14";
				CLANG_CXX_LIBRARY = "libc++";
				CLANG_ENABLE_MODULES = YES;
				CLANG_ENABLE_OBJC_ARC = YES;
				CLANG_ENABLE_OBJC_WEAK = YES;
				CLANG_WARN_BLOCK_CAPTURE_AUTORELEASING = YES;
				CLANG_WARN_BOOL_CONVERSION = YES;
				CLANG_WARN_COMMA = YES;
				CLANG_WARN_CONSTANT_CONVERSION = YES;
				CLANG_WARN_DEPRECATED_OBJC_IMPLEMENTATIONS = YES;
				CLANG_WARN_DIRECT_OBJC_ISA_USAGE = YES_ERROR;
				CLANG_WARN_DOCUMENTATION_COMMENTS = YES;
				CLANG_WARN_EMPTY_BODY = YES;
				CLANG_WARN_ENUM_CONVERSION = YES;
				CLANG_WARN_INFINITE_RECURSION = YES;
				CLANG_WARN_INT_CONVERSION = YES;
				CLANG_WARN_NON_LITERAL_NULL_CONVERSION = YES;
				CLANG_WARN_OBJC_IMPLICIT_RETAIN_SELF = YES;
				CLANG_WARN_OBJC_LITERAL_CONVERSION = YES;
				CLANG_WARN_OBJC_ROOT_CLASS = YES_ERROR;
				CLANG_WARN_RANGE_LOOP_ANALYSIS = YES;
				CLANG_WARN_STRICT_PROTOTYPES = YES;
				CLANG_WARN_SUSPICIOUS_MOVE = YES;
				CLANG_WARN_UNGUARDED_AVAILABILITY = YES_AGGRESSIVE;
				CLANG_WARN_UNREACHABLE_CODE = YES;
				CLANG_WARN__DUPLICATE_METHOD_MATCH = YES;
				COPY_PHASE_STRIP = NO;
				DEBUG_INFORMATION_FORMAT = "dwarf-with-dsym";
				ENABLE_NS_ASSERTIONS = NO;
				ENABLE_STRICT_OBJC_MSGSEND = YES;
				GCC_C_LANGUAGE_STANDARD = gnu11;
				GCC_NO_COMMON_BLOCKS = YES;
				GCC_WARN_64_TO_32_BIT_CONVERSION = YES;
				GCC_WARN_ABOUT_RETURN_TYPE = YES_ERROR;
				GCC_WARN_UNDECLARED_SELECTOR = YES;
				GCC_WARN_UNINITIALIZED_AUTOS = YES_AGGRESSIVE;
				GCC_WARN_UNUSED_FUNCTION = YES;
				GCC_WARN_UNUSED_VARIABLE = YES;
				IPHONEOS_DEPLOYMENT_TARGET = 13.2;
				MTL_ENABLE_DEBUG_INFO = NO;
				MTL_FAST_MATH = YES;
				SDKROOT = iphoneos;
				SWIFT_COMPILATION_MODE = wholemodule;
				SWIFT_OPTIMIZATION_LEVEL = "-O";
				VALIDATE_PRODUCT = YES;
			};
			name = Release;
		};
		FC7D2FE423E984AF007553AD /* Debug */ = {
			isa = XCBuildConfiguration;
			buildSettings = {
				ASSETCATALOG_COMPILER_APPICON_NAME = AppIcon;
				CODE_SIGN_STYLE = Automatic;
				DEVELOPMENT_TEAM = S7J2AQ3ASG;
				INFOPLIST_FILE = myGitHubLearning/Info.plist;
				LD_RUNPATH_SEARCH_PATHS = (
					"$(inherited)",
					"@executable_path/Frameworks",
				);
				PRODUCT_BUNDLE_IDENTIFIER = developerden.myGitHubLearning;
				PRODUCT_NAME = "$(TARGET_NAME)";
				SWIFT_VERSION = 5.0;
				TARGETED_DEVICE_FAMILY = "1,2";
			};
			name = Debug;
		};
		FC7D2FE523E984AF007553AD /* Release */ = {
			isa = XCBuildConfiguration;
			buildSettings = {
				ASSETCATALOG_COMPILER_APPICON_NAME = AppIcon;
				CODE_SIGN_STYLE = Automatic;
				DEVELOPMENT_TEAM = S7J2AQ3ASG;
				INFOPLIST_FILE = myGitHubLearning/Info.plist;
				LD_RUNPATH_SEARCH_PATHS = (
					"$(inherited)",
					"@executable_path/Frameworks",
				);
				PRODUCT_BUNDLE_IDENTIFIER = developerden.myGitHubLearning;
				PRODUCT_NAME = "$(TARGET_NAME)";
				SWIFT_VERSION = 5.0;
				TARGETED_DEVICE_FAMILY = "1,2";
			};
			name = Release;
		};
/* End XCBuildConfiguration section */

/* Begin XCConfigurationList section */
		FC7D2FCA23E984AC007553AD /* Build configuration list for PBXProject "myGitHubLearning" */ = {
			isa = XCConfigurationList;
			buildConfigurations = (
				FC7D2FE123E984AF007553AD /* Debug */,
				FC7D2FE223E984AF007553AD /* Release */,
			);
			defaultConfigurationIsVisible = 0;
			defaultConfigurationName = Release;
		};
		FC7D2FE323E984AF007553AD /* Build configuration list for PBXNativeTarget "myGitHubLearning" */ = {
			isa = XCConfigurationList;
			buildConfigurations = (
				FC7D2FE423E984AF007553AD /* Debug */,
				FC7D2FE523E984AF007553AD /* Release */,
			);
			defaultConfigurationIsVisible = 0;
			defaultConfigurationName = Release;
		};
/* End XCConfigurationList section */
	};
	rootObject = FC7D2FC723E984AC007553AD /* Project object */;
}
